
Microsoft Visual Studio Solution File, Format Version 12.00
# Visual Studio Version 17
VisualStudioVersion = 17.0.31903.59
MinimumVisualStudioVersion = 10.0.40219.1
Project("{FAE04EC0-301F-11D3-BF4B-00C04F79EFBC}") = "C#Lox", "C#Lox\C#Lox.csproj", "{127B9B1A-62BC-4BA1-92AB-E76CBB31402D}"
EndProject
Global
	GlobalSection(SolutionConfigurationPlatforms) = preSolution
		Debug|Any CPU = Debug|Any CPU
		Release|Any CPU = Release|Any CPU
	EndGlobalSection
	GlobalSection(SolutionProperties) = preSolution
		HideSolutionNode = FALSE
	EndGlobalSection
	GlobalSection(ProjectConfigurationPlatforms) = postSolution
		{127B9B1A-62BC-4BA1-92AB-E76CBB31402D}.Debug|Any CPU.ActiveCfg = Debug|Any CPU
		{127B9B1A-62BC-4BA1-92AB-E76CBB31402D}.Debug|Any CPU.Build.0 = Debug|Any CPU
		{127B9B1A-62BC-4BA1-92AB-E76CBB31402D}.Release|Any CPU.ActiveCfg = Release|Any CPU
		{127B9B1A-62BC-4BA1-92AB-E76CBB31402D}.Release|Any CPU.Build.0 = Release|Any CPU
	EndGlobalSection
EndGlobal
